
Microsoft Visual Studio Solution File, Format Version 12.00
# Visual Studio Version 16
VisualStudioVersion = 16.0.32228.343
MinimumVisualStudioVersion = 10.0.40219.1
Project("{FAE04EC0-301F-11D3-BF4B-00C04F79EFBC}") = "FinalProjek", "FinalProjek\FinalProjek.csproj", "{C5F0E7FE-E54F-4BE0-9D66-DD237D8E275A}"
EndProject
Global
	GlobalSection(SolutionConfigurationPlatforms) = preSolution
		Debug|Any CPU = Debug|Any CPU
		Release|Any CPU = Release|Any CPU
	EndGlobalSection
	GlobalSection(ProjectConfigurationPlatforms) = postSolution
		{C5F0E7FE-E54F-4BE0-9D66-DD237D8E275A}.Debug|Any CPU.ActiveCfg = Debug|Any CPU
		{C5F0E7FE-E54F-4BE0-9D66-DD237D8E275A}.Debug|Any CPU.Build.0 = Debug|Any CPU
		{C5F0E7FE-E54F-4BE0-9D66-DD237D8E275A}.Release|Any CPU.ActiveCfg = Release|Any CPU
		{C5F0E7FE-E54F-4BE0-9D66-DD237D8E275A}.Release|Any CPU.Build.0 = Release|Any CPU
	EndGlobalSection
	GlobalSection(SolutionProperties) = preSolution
		HideSolutionNode = FALSE
	EndGlobalSection
	GlobalSection(ExtensibilityGlobals) = postSolution
		SolutionGuid = {371C5D90-31A2-4377-80D3-DDFBB01A294F}
	EndGlobalSection
EndGlobal
